<Solution>
  <Folder Name="/src/" />
  <Folder Name="/src/Domain/">
    <Project Path="src/Domain/Herbarius.Domain.csproj" />
  </Folder>
  <Folder Name="/tests/" />
  <Folder Name="/tests/Domain.UnitTests/">
    <Project Path="tests/Domain.UnitTests/Herbarius.Domain.UnitTests.csproj" />
  </Folder>
</Solution>
